
Microsoft Visual Studio Solution File, Format Version 12.00
# Visual Studio Version 16
VisualStudioVersion = 16.0.30114.105
MinimumVisualStudioVersion = 10.0.40219.1
Project("{FAE04EC0-301F-11D3-BF4B-00C04F79EFBC}") = "PongExample", "PongExample\PongExample.csproj", "{5E196643-3835-4A76-8A54-405F44B92A28}"
EndProject
Global
	GlobalSection(SolutionConfigurationPlatforms) = preSolution
		Debug|Any CPU = Debug|Any CPU
		Release|Any CPU = Release|Any CPU
	EndGlobalSection
	GlobalSection(ProjectConfigurationPlatforms) = postSolution
		{5E196643-3835-4A76-8A54-405F44B92A28}.Debug|Any CPU.ActiveCfg = Debug|Any CPU
		{5E196643-3835-4A76-8A54-405F44B92A28}.Debug|Any CPU.Build.0 = Debug|Any CPU
		{5E196643-3835-4A76-8A54-405F44B92A28}.Release|Any CPU.ActiveCfg = Release|Any CPU
		{5E196643-3835-4A76-8A54-405F44B92A28}.Release|Any CPU.Build.0 = Release|Any CPU
	EndGlobalSection
	GlobalSection(SolutionProperties) = preSolution
		HideSolutionNode = FALSE
	EndGlobalSection
	GlobalSection(ExtensibilityGlobals) = postSolution
		SolutionGuid = {AF21AB25-A41E-436F-B4B9-A470EB1E4F17}
	EndGlobalSection
EndGlobal
